
Microsoft Visual Studio Solution File, Format Version 12.00
# Visual Studio Version 17
VisualStudioVersion = 17.8.34511.84
MinimumVisualStudioVersion = 10.0.40219.1
Project("{FAE04EC0-301F-11D3-BF4B-00C04F79EFBC}") = "EffectiveMobileTestTask", "EffectiveMobileTestTask.csproj", "{4E8DE9CD-1FB9-4FA6-97ED-50E1184E9D2F}"
EndProject
Project("{FAE04EC0-301F-11D3-BF4B-00C04F79EFBC}") = "EffectiveMobileModelDTO", "..\EffectiveMobileModelDTO\EffectiveMobileModelDTO.csproj", "{86EA3348-1813-4913-B777-1F3AC2EE35E9}"
EndProject
Project("{FAE04EC0-301F-11D3-BF4B-00C04F79EFBC}") = "EffectiveMobileLogicFile", "..\EffectiveMobileLogicFile\EffectiveMobileLogicFile.csproj", "{A9D9C5A6-7274-420E-A9DC-924C388616DE}"
EndProject
Global
	GlobalSection(SolutionConfigurationPlatforms) = preSolution
		Debug|Any CPU = Debug|Any CPU
		Release|Any CPU = Release|Any CPU
	EndGlobalSection
	GlobalSection(ProjectConfigurationPlatforms) = postSolution
		{4E8DE9CD-1FB9-4FA6-97ED-50E1184E9D2F}.Debug|Any CPU.ActiveCfg = Debug|Any CPU
		{4E8DE9CD-1FB9-4FA6-97ED-50E1184E9D2F}.Debug|Any CPU.Build.0 = Debug|Any CPU
		{4E8DE9CD-1FB9-4FA6-97ED-50E1184E9D2F}.Release|Any CPU.ActiveCfg = Release|Any CPU
		{4E8DE9CD-1FB9-4FA6-97ED-50E1184E9D2F}.Release|Any CPU.Build.0 = Release|Any CPU
		{86EA3348-1813-4913-B777-1F3AC2EE35E9}.Debug|Any CPU.ActiveCfg = Debug|Any CPU
		{86EA3348-1813-4913-B777-1F3AC2EE35E9}.Debug|Any CPU.Build.0 = Debug|Any CPU
		{86EA3348-1813-4913-B777-1F3AC2EE35E9}.Release|Any CPU.ActiveCfg = Release|Any CPU
		{86EA3348-1813-4913-B777-1F3AC2EE35E9}.Release|Any CPU.Build.0 = Release|Any CPU
		{A9D9C5A6-7274-420E-A9DC-924C388616DE}.Debug|Any CPU.ActiveCfg = Debug|Any CPU
		{A9D9C5A6-7274-420E-A9DC-924C388616DE}.Debug|Any CPU.Build.0 = Debug|Any CPU
		{A9D9C5A6-7274-420E-A9DC-924C388616DE}.Release|Any CPU.ActiveCfg = Release|Any CPU
		{A9D9C5A6-7274-420E-A9DC-924C388616DE}.Release|Any CPU.Build.0 = Release|Any CPU
	EndGlobalSection
	GlobalSection(SolutionProperties) = preSolution
		HideSolutionNode = FALSE
	EndGlobalSection
	GlobalSection(ExtensibilityGlobals) = postSolution
		SolutionGuid = {78B281F9-8E2F-4BD8-947F-050BD055E0FA}
	EndGlobalSection
EndGlobal
